// !$*UTF8*$!
{
	archiveVersion = 1;
	classes = {
	};
	objectVersion = 77;
	objects = {

/* Begin PBXBuildFile section */
		122529102E0930EC0099036B /* AppDelegate.swift in Sources */ = {isa = PBXBuildFile; fileRef = 122529082E0930EC0099036B /* AppDelegate.swift */; };
		122529112E0930EC0099036B /* Assets.xcassets in Resources */ = {isa = PBXBuildFile; fileRef = 122529092E0930EC0099036B /* Assets.xcassets */; };
		122529132E0930EC0099036B /* LaunchScreen.storyboard in Resources */ = {isa = PBXBuildFile; fileRef = 1225290C2E0930EC0099036B /* LaunchScreen.storyboard */; };
		122529142E0930EC0099036B /* Main.storyboard in Resources */ = {isa = PBXBuildFile; fileRef = 1225290E2E0930EC0099036B /* Main.storyboard */; };
		1225291A2E0931A00099036B /* BaseVC.swift in Sources */ = {isa = PBXBuildFile; fileRef = 122529192E0931A00099036B /* BaseVC.swift */; };
		1225291C2E0932210099036B /* CustomRatingSliderExtensions.swift in Sources */ = {isa = PBXBuildFile; fileRef = 1225291B2E0932210099036B /* CustomRatingSliderExtensions.swift */; };
		122529202E0932550099036B /* Common.swift in Sources */ = {isa = PBXBuildFile; fileRef = 1225291F2E0932550099036B /* Common.swift */; };
		122529232E09327F0099036B /* Constants.swift in Sources */ = {isa = PBXBuildFile; fileRef = 122529222E09327F0099036B /* Constants.swift */; };
		122529272E0932A80099036B /* HomeVC.swift in Sources */ = {isa = PBXBuildFile; fileRef = 122529262E0932A80099036B /* HomeVC.swift */; };
/* End PBXBuildFile section */

/* Begin PBXFileReference section */
		122528F02E0930B10099036B /* CustomRatingSlider.app */ = {isa = PBXFileReference; explicitFileType = wrapper.application; includeInIndex = 0; path = CustomRatingSlider.app; sourceTree = BUILT_PRODUCTS_DIR; };
		122529082E0930EC0099036B /* AppDelegate.swift */ = {isa = PBXFileReference; lastKnownFileType = sourcecode.swift; path = AppDelegate.swift; sourceTree = "<group>"; };
		122529092E0930EC0099036B /* Assets.xcassets */ = {isa = PBXFileReference; lastKnownFileType = folder.assetcatalog; path = Assets.xcassets; sourceTree = "<group>"; };
		1225290A2E0930EC0099036B /* Info.plist */ = {isa = PBXFileReference; lastKnownFileType = text.plist.xml; path = Info.plist; sourceTree = "<group>"; };
		1225290B2E0930EC0099036B /* Base */ = {isa = PBXFileReference; lastKnownFileType = file.storyboard; name = Base; path = Base.lproj/LaunchScreen.storyboard; sourceTree = "<group>"; };
		1225290D2E0930EC0099036B /* Base */ = {isa = PBXFileReference; lastKnownFileType = file.storyboard; name = Base; path = Base.lproj/Main.storyboard; sourceTree = "<group>"; };
		122529192E0931A00099036B /* BaseVC.swift */ = {isa = PBXFileReference; lastKnownFileType = sourcecode.swift; path = BaseVC.swift; sourceTree = "<group>"; };
		1225291B2E0932210099036B /* CustomRatingSliderExtensions.swift */ = {isa = PBXFileReference; lastKnownFileType = sourcecode.swift; path = CustomRatingSliderExtensions.swift; sourceTree = "<group>"; };
		1225291F2E0932550099036B /* Common.swift */ = {isa = PBXFileReference; lastKnownFileType = sourcecode.swift; path = Common.swift; sourceTree = "<group>"; };
		122529222E09327F0099036B /* Constants.swift */ = {isa = PBXFileReference; lastKnownFileType = sourcecode.swift; path = Constants.swift; sourceTree = "<group>"; };
		122529262E0932A80099036B /* HomeVC.swift */ = {isa = PBXFileReference; lastKnownFileType = sourcecode.swift; path = HomeVC.swift; sourceTree = "<group>"; };
/* End PBXFileReference section */

/* Begin PBXFrameworksBuildPhase section */
		122528ED2E0930B10099036B /* Frameworks */ = {
			isa = PBXFrameworksBuildPhase;
			buildActionMask = 2147483647;
			files = (
			);
			runOnlyForDeploymentPostprocessing = 0;
		};
/* End PBXFrameworksBuildPhase section */

/* Begin PBXGroup section */
		122528E72E0930B10099036B = {
			isa = PBXGroup;
			children = (
				1225290F2E0930EC0099036B /* CustomRatingSlider */,
				122528F12E0930B10099036B /* Products */,
			);
			sourceTree = "<group>";
		};
		122528F12E0930B10099036B /* Products */ = {
			isa = PBXGroup;
			children = (
				122528F02E0930B10099036B /* CustomRatingSlider.app */,
			);
			name = Products;
			sourceTree = "<group>";
		};
		1225290F2E0930EC0099036B /* CustomRatingSlider */ = {
			isa = PBXGroup;
			children = (
				122529182E0931740099036B /* Classes */,
				122529172E0931150099036B /* Storyboards */,
				122529162E0930FC0099036B /* Utilities */,
			);
			path = CustomRatingSlider;
			sourceTree = "<group>";
		};
		122529152E0930F40099036B /* Assets */ = {
			isa = PBXGroup;
			children = (
				122529092E0930EC0099036B /* Assets.xcassets */,
			);
			path = Assets;
			sourceTree = "<group>";
		};
		122529162E0930FC0099036B /* Utilities */ = {
			isa = PBXGroup;
			children = (
				122529152E0930F40099036B /* Assets */,
				1225290A2E0930EC0099036B /* Info.plist */,
			);
			name = Utilities;
			sourceTree = "<group>";
		};
		122529172E0931150099036B /* Storyboards */ = {
			isa = PBXGroup;
			children = (
				1225290C2E0930EC0099036B /* LaunchScreen.storyboard */,
				1225290E2E0930EC0099036B /* Main.storyboard */,
			);
			name = Storyboards;
			sourceTree = "<group>";
		};
		122529182E0931740099036B /* Classes */ = {
			isa = PBXGroup;
			children = (
				122529082E0930EC0099036B /* AppDelegate.swift */,
				122529192E0931A00099036B /* BaseVC.swift */,
				1225291B2E0932210099036B /* CustomRatingSliderExtensions.swift */,
				122529242E0932930099036B /* Home */,
				1225291D2E0932430099036B /* Supporting Files */,
			);
			path = Classes;
			sourceTree = "<group>";
		};
		1225291D2E0932430099036B /* Supporting Files */ = {
			isa = PBXGroup;
			children = (
				1225291E2E09324B0099036B /* Common */,
				122529212E0932780099036B /* Constants */,
			);
			name = "Supporting Files";
			sourceTree = "<group>";
		};
		1225291E2E09324B0099036B /* Common */ = {
			isa = PBXGroup;
			children = (
				1225291F2E0932550099036B /* Common.swift */,
			);
			path = Common;
			sourceTree = "<group>";
		};
		122529212E0932780099036B /* Constants */ = {
			isa = PBXGroup;
			children = (
				122529222E09327F0099036B /* Constants.swift */,
			);
			path = Constants;
			sourceTree = "<group>";
		};
		122529242E0932930099036B /* Home */ = {
			isa = PBXGroup;
			children = (
				122529252E09329B0099036B /* Controller */,
			);
			name = Home;
			sourceTree = "<group>";
		};
		122529252E09329B0099036B /* Controller */ = {
			isa = PBXGroup;
			children = (
				122529262E0932A80099036B /* HomeVC.swift */,
			);
			name = Controller;
			sourceTree = "<group>";
		};
/* End PBXGroup section */

/* Begin PBXNativeTarget section */
		122528EF2E0930B10099036B /* CustomRatingSlider */ = {
			isa = PBXNativeTarget;
			buildConfigurationList = 122529032E0930B30099036B /* Build configuration list for PBXNativeTarget "CustomRatingSlider" */;
			buildPhases = (
				122528EC2E0930B10099036B /* Sources */,
				122528ED2E0930B10099036B /* Frameworks */,
				122528EE2E0930B10099036B /* Resources */,
			);
			buildRules = (
			);
			dependencies = (
			);
			name = CustomRatingSlider;
			packageProductDependencies = (
			);
			productName = CustomRatingSlider;
			productReference = 122528F02E0930B10099036B /* CustomRatingSlider.app */;
			productType = "com.apple.product-type.application";
		};
/* End PBXNativeTarget section */

/* Begin PBXProject section */
		122528E82E0930B10099036B /* Project object */ = {
			isa = PBXProject;
			attributes = {
				BuildIndependentTargetsInParallel = 1;
				LastSwiftUpdateCheck = 1610;
				LastUpgradeCheck = 1610;
				TargetAttributes = {
					122528EF2E0930B10099036B = {
						CreatedOnToolsVersion = 16.1;
					};
				};
			};
			buildConfigurationList = 122528EB2E0930B10099036B /* Build configuration list for PBXProject "CustomRatingSlider" */;
			developmentRegion = en;
			hasScannedForEncodings = 0;
			knownRegions = (
				en,
				Base,
			);
			mainGroup = 122528E72E0930B10099036B;
			minimizedProjectReferenceProxies = 1;
			preferredProjectObjectVersion = 77;
			productRefGroup = 122528F12E0930B10099036B /* Products */;
			projectDirPath = "";
			projectRoot = "";
			targets = (
				122528EF2E0930B10099036B /* CustomRatingSlider */,
			);
		};
/* End PBXProject section */

/* Begin PBXResourcesBuildPhase section */
		122528EE2E0930B10099036B /* Resources */ = {
			isa = PBXResourcesBuildPhase;
			buildActionMask = 2147483647;
			files = (
				122529112E0930EC0099036B /* Assets.xcassets in Resources */,
				122529132E0930EC0099036B /* LaunchScreen.storyboard in Resources */,
				122529142E0930EC0099036B /* Main.storyboard in Resources */,
			);
			runOnlyForDeploymentPostprocessing = 0;
		};
/* End PBXResourcesBuildPhase section */

/* Begin PBXSourcesBuildPhase section */
		122528EC2E0930B10099036B /* Sources */ = {
			isa = PBXSourcesBuildPhase;
			buildActionMask = 2147483647;
			files = (
				122529232E09327F0099036B /* Constants.swift in Sources */,
				122529202E0932550099036B /* Common.swift in Sources */,
				122529102E0930EC0099036B /* AppDelegate.swift in Sources */,
				122529272E0932A80099036B /* HomeVC.swift in Sources */,
				1225291C2E0932210099036B /* CustomRatingSliderExtensions.swift in Sources */,
				1225291A2E0931A00099036B /* BaseVC.swift in Sources */,
			);
			runOnlyForDeploymentPostprocessing = 0;
		};
/* End PBXSourcesBuildPhase section */

/* Begin PBXVariantGroup section */
		1225290C2E0930EC0099036B /* LaunchScreen.storyboard */ = {
			isa = PBXVariantGroup;
			children = (
				1225290B2E0930EC0099036B /* Base */,
			);
			name = LaunchScreen.storyboard;
			sourceTree = "<group>";
		};
		1225290E2E0930EC0099036B /* Main.storyboard */ = {
			isa = PBXVariantGroup;
			children = (
				1225290D2E0930EC0099036B /* Base */,
			);
			name = Main.storyboard;
			sourceTree = "<group>";
		};
/* End PBXVariantGroup section */

/* Begin XCBuildConfiguration section */
		122529042E0930B30099036B /* Debug */ = {
			isa = XCBuildConfiguration;
			buildSettings = {
				ASSETCATALOG_COMPILER_APPICON_NAME = AppIcon;
				ASSETCATALOG_COMPILER_GLOBAL_ACCENT_COLOR_NAME = AccentColor;
				CODE_SIGN_STYLE = Manual;
				CURRENT_PROJECT_VERSION = 1;
				DEVELOPMENT_TEAM = "";
				"EXCLUDED_ARCHS[sdk=iphonesimulator*]" = arm64;
				GENERATE_INFOPLIST_FILE = YES;
				INFOPLIST_FILE = CustomRatingSlider/Info.plist;
				INFOPLIST_KEY_UIApplicationSupportsIndirectInputEvents = YES;
				INFOPLIST_KEY_UILaunchStoryboardName = LaunchScreen;
				INFOPLIST_KEY_UIMainStoryboardFile = Main;
				INFOPLIST_KEY_UISupportedInterfaceOrientations = UIInterfaceOrientationPortrait;
				INFOPLIST_KEY_UISupportedInterfaceOrientations_iPad = "UIInterfaceOrientationLandscapeLeft UIInterfaceOrientationLandscapeRight UIInterfaceOrientationPortrait UIInterfaceOrientationPortraitUpsideDown";
				INFOPLIST_KEY_UIUserInterfaceStyle = Light;
				IPHONEOS_DEPLOYMENT_TARGET = 13;
				LD_RUNPATH_SEARCH_PATHS = (
					"$(inherited)",
					"@executable_path/Frameworks",
				);
				MARKETING_VERSION = 1.0;
				PRODUCT_BUNDLE_IDENTIFIER = com.CustomRatingSlider;
				PRODUCT_NAME = "$(TARGET_NAME)";
				PROVISIONING_PROFILE_SPECIFIER = "";
				SUPPORTED_PLATFORMS = "iphoneos iphonesimulator";
				SUPPORTS_MACCATALYST = NO;
				SUPPORTS_MAC_DESIGNED_FOR_IPHONE_IPAD = NO;
				SUPPORTS_XR_DESIGNED_FOR_IPHONE_IPAD = NO;
				SWIFT_EMIT_LOC_STRINGS = YES;
				SWIFT_VERSION = 5.0;
				TARGETED_DEVICE_FAMILY = 1;
			};
			name = Debug;
		};
		122529052E0930B30099036B /* Release */ = {
			isa = XCBuildConfiguration;
			buildSettings = {
				ASSETCATALOG_COMPILER_APPICON_NAME = AppIcon;
				ASSETCATALOG_COMPILER_GLOBAL_ACCENT_COLOR_NAME = AccentColor;
				CODE_SIGN_STYLE = Manual;
				CURRENT_PROJECT_VERSION = 1;
				DEVELOPMENT_TEAM = "";
				"EXCLUDED_ARCHS[sdk=iphonesimulator*]" = arm64;
				GENERATE_INFOPLIST_FILE = YES;
				INFOPLIST_FILE = CustomRatingSlider/Info.plist;
				INFOPLIST_KEY_UIApplicationSupportsIndirectInputEvents = YES;
				INFOPLIST_KEY_UILaunchStoryboardName = LaunchScreen;
				INFOPLIST_KEY_UIMainStoryboardFile = Main;
				INFOPLIST_KEY_UISupportedInterfaceOrientations = UIInterfaceOrientationPortrait;
				INFOPLIST_KEY_UISupportedInterfaceOrientations_iPad = "UIInterfaceOrientationLandscapeLeft UIInterfaceOrientationLandscapeRight UIInterfaceOrientationPortrait UIInterfaceOrientationPortraitUpsideDown";
				INFOPLIST_KEY_UIUserInterfaceStyle = Light;
				IPHONEOS_DEPLOYMENT_TARGET = 13;
				LD_RUNPATH_SEARCH_PATHS = (
					"$(inherited)",
					"@executable_path/Frameworks",
				);
				MARKETING_VERSION = 1.0;
				PRODUCT_BUNDLE_IDENTIFIER = com.CustomRatingSlider;
				PRODUCT_NAME = "$(TARGET_NAME)";
				PROVISIONING_PROFILE_SPECIFIER = "";
				SUPPORTED_PLATFORMS = "iphoneos iphonesimulator";
				SUPPORTS_MACCATALYST = NO;
				SUPPORTS_MAC_DESIGNED_FOR_IPHONE_IPAD = NO;
				SUPPORTS_XR_DESIGNED_FOR_IPHONE_IPAD = NO;
				SWIFT_EMIT_LOC_STRINGS = YES;
				SWIFT_VERSION = 5.0;
				TARGETED_DEVICE_FAMILY = 1;
			};
			name = Release;
		};
		122529062E0930B30099036B /* Debug */ = {
			isa = XCBuildConfiguration;
			buildSettings = {
				ALWAYS_SEARCH_USER_PATHS = NO;
				ASSETCATALOG_COMPILER_GENERATE_SWIFT_ASSET_SYMBOL_EXTENSIONS = YES;
				CLANG_ANALYZER_NONNULL = YES;
				CLANG_ANALYZER_NUMBER_OBJECT_CONVERSION = YES_AGGRESSIVE;
				CLANG_CXX_LANGUAGE_STANDARD = "gnu++20";
				CLANG_ENABLE_MODULES = YES;
				CLANG_ENABLE_OBJC_ARC = YES;
				CLANG_ENABLE_OBJC_WEAK = YES;
				CLANG_WARN_BLOCK_CAPTURE_AUTORELEASING = YES;
				CLANG_WARN_BOOL_CONVERSION = YES;
				CLANG_WARN_COMMA = YES;
				CLANG_WARN_CONSTANT_CONVERSION = YES;
				CLANG_WARN_DEPRECATED_OBJC_IMPLEMENTATIONS = YES;
				CLANG_WARN_DIRECT_OBJC_ISA_USAGE = YES_ERROR;
				CLANG_WARN_DOCUMENTATION_COMMENTS = YES;
				CLANG_WARN_EMPTY_BODY = YES;
				CLANG_WARN_ENUM_CONVERSION = YES;
				CLANG_WARN_INFINITE_RECURSION = YES;
				CLANG_WARN_INT_CONVERSION = YES;
				CLANG_WARN_NON_LITERAL_NULL_CONVERSION = YES;
				CLANG_WARN_OBJC_IMPLICIT_RETAIN_SELF = YES;
				CLANG_WARN_OBJC_LITERAL_CONVERSION = YES;
				CLANG_WARN_OBJC_ROOT_CLASS = YES_ERROR;
				CLANG_WARN_QUOTED_INCLUDE_IN_FRAMEWORK_HEADER = YES;
				CLANG_WARN_RANGE_LOOP_ANALYSIS = YES;
				CLANG_WARN_STRICT_PROTOTYPES = YES;
				CLANG_WARN_SUSPICIOUS_MOVE = YES;
				CLANG_WARN_UNGUARDED_AVAILABILITY = YES_AGGRESSIVE;
				CLANG_WARN_UNREACHABLE_CODE = YES;
				CLANG_WARN__DUPLICATE_METHOD_MATCH = YES;
				COPY_PHASE_STRIP = NO;
				DEBUG_INFORMATION_FORMAT = dwarf;
				ENABLE_STRICT_OBJC_MSGSEND = YES;
				ENABLE_TESTABILITY = YES;
				ENABLE_USER_SCRIPT_SANDBOXING = YES;
				GCC_C_LANGUAGE_STANDARD = gnu17;
				GCC_DYNAMIC_NO_PIC = NO;
				GCC_NO_COMMON_BLOCKS = YES;
				GCC_OPTIMIZATION_LEVEL = 0;
				GCC_PREPROCESSOR_DEFINITIONS = (
					"DEBUG=1",
					"$(inherited)",
				);
				GCC_WARN_64_TO_32_BIT_CONVERSION = YES;
				GCC_WARN_ABOUT_RETURN_TYPE = YES_ERROR;
				GCC_WARN_UNDECLARED_SELECTOR = YES;
				GCC_WARN_UNINITIALIZED_AUTOS = YES_AGGRESSIVE;
				GCC_WARN_UNUSED_FUNCTION = YES;
				GCC_WARN_UNUSED_VARIABLE = YES;
				IPHONEOS_DEPLOYMENT_TARGET = 18.1;
				LOCALIZATION_PREFERS_STRING_CATALOGS = YES;
				MTL_ENABLE_DEBUG_INFO = INCLUDE_SOURCE;
				MTL_FAST_MATH = YES;
				ONLY_ACTIVE_ARCH = YES;
				SDKROOT = iphoneos;
				SWIFT_ACTIVE_COMPILATION_CONDITIONS = "DEBUG $(inherited)";
				SWIFT_OPTIMIZATION_LEVEL = "-Onone";
			};
			name = Debug;
		};
		122529072E0930B30099036B /* Release */ = {
			isa = XCBuildConfiguration;
			buildSettings = {
				ALWAYS_SEARCH_USER_PATHS = NO;
				ASSETCATALOG_COMPILER_GENERATE_SWIFT_ASSET_SYMBOL_EXTENSIONS = YES;
				CLANG_ANALYZER_NONNULL = YES;
				CLANG_ANALYZER_NUMBER_OBJECT_CONVERSION = YES_AGGRESSIVE;
				CLANG_CXX_LANGUAGE_STANDARD = "gnu++20";
				CLANG_ENABLE_MODULES = YES;
				CLANG_ENABLE_OBJC_ARC = YES;
				CLANG_ENABLE_OBJC_WEAK = YES;
				CLANG_WARN_BLOCK_CAPTURE_AUTORELEASING = YES;
				CLANG_WARN_BOOL_CONVERSION = YES;
				CLANG_WARN_COMMA = YES;
				CLANG_WARN_CONSTANT_CONVERSION = YES;
				CLANG_WARN_DEPRECATED_OBJC_IMPLEMENTATIONS = YES;
				CLANG_WARN_DIRECT_OBJC_ISA_USAGE = YES_ERROR;
				CLANG_WARN_DOCUMENTATION_COMMENTS = YES;
				CLANG_WARN_EMPTY_BODY = YES;
				CLANG_WARN_ENUM_CONVERSION = YES;
				CLANG_WARN_INFINITE_RECURSION = YES;
				CLANG_WARN_INT_CONVERSION = YES;
				CLANG_WARN_NON_LITERAL_NULL_CONVERSION = YES;
				CLANG_WARN_OBJC_IMPLICIT_RETAIN_SELF = YES;
				CLANG_WARN_OBJC_LITERAL_CONVERSION = YES;
				CLANG_WARN_OBJC_ROOT_CLASS = YES_ERROR;
				CLANG_WARN_QUOTED_INCLUDE_IN_FRAMEWORK_HEADER = YES;
				CLANG_WARN_RANGE_LOOP_ANALYSIS = YES;
				CLANG_WARN_STRICT_PROTOTYPES = YES;
				CLANG_WARN_SUSPICIOUS_MOVE = YES;
				CLANG_WARN_UNGUARDED_AVAILABILITY = YES_AGGRESSIVE;
				CLANG_WARN_UNREACHABLE_CODE = YES;
				CLANG_WARN__DUPLICATE_METHOD_MATCH = YES;
				COPY_PHASE_STRIP = NO;
				DEBUG_INFORMATION_FORMAT = "dwarf-with-dsym";
				ENABLE_NS_ASSERTIONS = NO;
				ENABLE_STRICT_OBJC_MSGSEND = YES;
				ENABLE_USER_SCRIPT_SANDBOXING = YES;
				GCC_C_LANGUAGE_STANDARD = gnu17;
				GCC_NO_COMMON_BLOCKS = YES;
				GCC_WARN_64_TO_32_BIT_CONVERSION = YES;
				GCC_WARN_ABOUT_RETURN_TYPE = YES_ERROR;
				GCC_WARN_UNDECLARED_SELECTOR = YES;
				GCC_WARN_UNINITIALIZED_AUTOS = YES_AGGRESSIVE;
				GCC_WARN_UNUSED_FUNCTION = YES;
				GCC_WARN_UNUSED_VARIABLE = YES;
				IPHONEOS_DEPLOYMENT_TARGET = 18.1;
				LOCALIZATION_PREFERS_STRING_CATALOGS = YES;
				MTL_ENABLE_DEBUG_INFO = NO;
				MTL_FAST_MATH = YES;
				SDKROOT = iphoneos;
				SWIFT_COMPILATION_MODE = wholemodule;
				VALIDATE_PRODUCT = YES;
			};
			name = Release;
		};
/* End XCBuildConfiguration section */

/* Begin XCConfigurationList section */
		122528EB2E0930B10099036B /* Build configuration list for PBXProject "CustomRatingSlider" */ = {
			isa = XCConfigurationList;
			buildConfigurations = (
				122529062E0930B30099036B /* Debug */,
				122529072E0930B30099036B /* Release */,
			);
			defaultConfigurationIsVisible = 0;
			defaultConfigurationName = Release;
		};
		122529032E0930B30099036B /* Build configuration list for PBXNativeTarget "CustomRatingSlider" */ = {
			isa = XCConfigurationList;
			buildConfigurations = (
				122529042E0930B30099036B /* Debug */,
				122529052E0930B30099036B /* Release */,
			);
			defaultConfigurationIsVisible = 0;
			defaultConfigurationName = Release;
		};
/* End XCConfigurationList section */
	};
	rootObject = 122528E82E0930B10099036B /* Project object */;
}
